
Microsoft Visual Studio Solution File, Format Version 12.00
# Visual Studio Version 17
VisualStudioVersion = 17.1.32228.430
MinimumVisualStudioVersion = 10.0.40219.1
Project("{FAE04EC0-301F-11D3-BF4B-00C04F79EFBC}") = "cw6", "cw6\cw6.csproj", "{C0D5C533-8518-42FF-B96F-30ADB13CC0BD}"
EndProject
Global
	GlobalSection(SolutionConfigurationPlatforms) = preSolution
		Debug|Any CPU = Debug|Any CPU
		Release|Any CPU = Release|Any CPU
	EndGlobalSection
	GlobalSection(ProjectConfigurationPlatforms) = postSolution
		{C0D5C533-8518-42FF-B96F-30ADB13CC0BD}.Debug|Any CPU.ActiveCfg = Debug|Any CPU
		{C0D5C533-8518-42FF-B96F-30ADB13CC0BD}.Debug|Any CPU.Build.0 = Debug|Any CPU
		{C0D5C533-8518-42FF-B96F-30ADB13CC0BD}.Release|Any CPU.ActiveCfg = Release|Any CPU
		{C0D5C533-8518-42FF-B96F-30ADB13CC0BD}.Release|Any CPU.Build.0 = Release|Any CPU
	EndGlobalSection
	GlobalSection(SolutionProperties) = preSolution
		HideSolutionNode = FALSE
	EndGlobalSection
	GlobalSection(ExtensibilityGlobals) = postSolution
		SolutionGuid = {F6C4448E-6594-4153-B433-818E4B867CF8}
	EndGlobalSection
EndGlobal
